
Microsoft Visual Studio Solution File, Format Version 12.00
# Visual Studio Version 17
VisualStudioVersion = 17.5.33502.453
MinimumVisualStudioVersion = 10.0.40219.1
Project("{FAE04EC0-301F-11D3-BF4B-00C04F79EFBC}") = "ProyectoAplicada", "ProyectoAplicada.csproj", "{202FC56A-FE73-42C9-95FC-0D6FEB27FB49}"
EndProject
Global
	GlobalSection(SolutionConfigurationPlatforms) = preSolution
		Debug|Any CPU = Debug|Any CPU
		Release|Any CPU = Release|Any CPU
	EndGlobalSection
	GlobalSection(ProjectConfigurationPlatforms) = postSolution
		{202FC56A-FE73-42C9-95FC-0D6FEB27FB49}.Debug|Any CPU.ActiveCfg = Debug|Any CPU
		{202FC56A-FE73-42C9-95FC-0D6FEB27FB49}.Debug|Any CPU.Build.0 = Debug|Any CPU
		{202FC56A-FE73-42C9-95FC-0D6FEB27FB49}.Release|Any CPU.ActiveCfg = Release|Any CPU
		{202FC56A-FE73-42C9-95FC-0D6FEB27FB49}.Release|Any CPU.Build.0 = Release|Any CPU
	EndGlobalSection
	GlobalSection(SolutionProperties) = preSolution
		HideSolutionNode = FALSE
	EndGlobalSection
	GlobalSection(ExtensibilityGlobals) = postSolution
		SolutionGuid = {5086CE39-ED75-4649-B5FB-02ECE0FED8DE}
	EndGlobalSection
EndGlobal
